// !$*UTF8*$!
{
	archiveVersion = 1;
	classes = {
	};
	objectVersion = 46;
	objects = {

/* Begin PBXBuildFile section */
		FFF4D1101E59081F007B58AA /* AppDelegate.swift in Sources */ = {isa = PBXBuildFile; fileRef = FFF4D10F1E59081F007B58AA /* AppDelegate.swift */; };
		FFF4D1121E59081F007B58AA /* ViewController.swift in Sources */ = {isa = PBXBuildFile; fileRef = FFF4D1111E59081F007B58AA /* ViewController.swift */; };
		FFF4D1151E59081F007B58AA /* Main.storyboard in Resources */ = {isa = PBXBuildFile; fileRef = FFF4D1131E59081F007B58AA /* Main.storyboard */; };
		FFF4D1171E59081F007B58AA /* Assets.xcassets in Resources */ = {isa = PBXBuildFile; fileRef = FFF4D1161E59081F007B58AA /* Assets.xcassets */; };
		FFF4D11A1E59081F007B58AA /* LaunchScreen.storyboard in Resources */ = {isa = PBXBuildFile; fileRef = FFF4D1181E59081F007B58AA /* LaunchScreen.storyboard */; };
/* End PBXBuildFile section */

/* Begin PBXFileReference section */
		FFF4D10C1E59081F007B58AA /* savethekittens.app */ = {isa = PBXFileReference; explicitFileType = wrapper.application; includeInIndex = 0; path = savethekittens.app; sourceTree = BUILT_PRODUCTS_DIR; };
		FFF4D10F1E59081F007B58AA /* AppDelegate.swift */ = {isa = PBXFileReference; lastKnownFileType = sourcecode.swift; path = AppDelegate.swift; sourceTree = "<group>"; };
		FFF4D1111E59081F007B58AA /* ViewController.swift */ = {isa = PBXFileReference; lastKnownFileType = sourcecode.swift; path = ViewController.swift; sourceTree = "<group>"; };
		FFF4D1141E59081F007B58AA /* Base */ = {isa = PBXFileReference; lastKnownFileType = file.storyboard; name = Base; path = Base.lproj/Main.storyboard; sourceTree = "<group>"; };
		FFF4D1161E59081F007B58AA /* Assets.xcassets */ = {isa = PBXFileReference; lastKnownFileType = folder.assetcatalog; path = Assets.xcassets; sourceTree = "<group>"; };
		FFF4D1191E59081F007B58AA /* Base */ = {isa = PBXFileReference; lastKnownFileType = file.storyboard; name = Base; path = Base.lproj/LaunchScreen.storyboard; sourceTree = "<group>"; };
		FFF4D11B1E59081F007B58AA /* Info.plist */ = {isa = PBXFileReference; lastKnownFileType = text.plist.xml; path = Info.plist; sourceTree = "<group>"; };
/* End PBXFileReference section */

/* Begin PBXFrameworksBuildPhase section */
		FFF4D1091E59081F007B58AA /* Frameworks */ = {
			isa = PBXFrameworksBuildPhase;
			buildActionMask = 2147483647;
			files = (
			);
			runOnlyForDeploymentPostprocessing = 0;
		};
/* End PBXFrameworksBuildPhase section */

/* Begin PBXGroup section */
		FFF4D1031E59081F007B58AA = {
			isa = PBXGroup;
			children = (
				FFF4D10E1E59081F007B58AA /* savethekittens */,
				FFF4D10D1E59081F007B58AA /* Products */,
			);
			sourceTree = "<group>";
		};
		FFF4D10D1E59081F007B58AA /* Products */ = {
			isa = PBXGroup;
			children = (
				FFF4D10C1E59081F007B58AA /* savethekittens.app */,
			);
			name = Products;
			sourceTree = "<group>";
		};
		FFF4D10E1E59081F007B58AA /* savethekittens */ = {
			isa = PBXGroup;
			children = (
				FFF4D10F1E59081F007B58AA /* AppDelegate.swift */,
				FFF4D1111E59081F007B58AA /* ViewController.swift */,
				FFF4D1131E59081F007B58AA /* Main.storyboard */,
				FFF4D1161E59081F007B58AA /* Assets.xcassets */,
				FFF4D1181E59081F007B58AA /* LaunchScreen.storyboard */,
				FFF4D11B1E59081F007B58AA /* Info.plist */,
			);
			path = savethekittens;
			sourceTree = "<group>";
		};
/* End PBXGroup section */

/* Begin PBXNativeTarget section */
		FFF4D10B1E59081F007B58AA /* savethekittens */ = {
			isa = PBXNativeTarget;
			buildConfigurationList = FFF4D11E1E59081F007B58AA /* Build configuration list for PBXNativeTarget "savethekittens" */;
			buildPhases = (
				FFF4D1081E59081F007B58AA /* Sources */,
				FFF4D1091E59081F007B58AA /* Frameworks */,
				FFF4D10A1E59081F007B58AA /* Resources */,
			);
			buildRules = (
			);
			dependencies = (
			);
			name = savethekittens;
			productName = savethekittens;
			productReference = FFF4D10C1E59081F007B58AA /* savethekittens.app */;
			productType = "com.apple.product-type.application";
		};
/* End PBXNativeTarget section */

/* Begin PBXProject section */
		FFF4D1041E59081F007B58AA /* Project object */ = {
			isa = PBXProject;
			attributes = {
				LastSwiftUpdateCheck = 0820;
				LastUpgradeCheck = 0820;
				ORGANIZATIONNAME = PakinLertthamanon;
				TargetAttributes = {
					FFF4D10B1E59081F007B58AA = {
						CreatedOnToolsVersion = 8.2.1;
						ProvisioningStyle = Automatic;
					};
				};
			};
			buildConfigurationList = FFF4D1071E59081F007B58AA /* Build configuration list for PBXProject "savethekittens" */;
			compatibilityVersion = "Xcode 3.2";
			developmentRegion = English;
			hasScannedForEncodings = 0;
			knownRegions = (
				en,
				Base,
			);
			mainGroup = FFF4D1031E59081F007B58AA;
			productRefGroup = FFF4D10D1E59081F007B58AA /* Products */;
			projectDirPath = "";
			projectRoot = "";
			targets = (
				FFF4D10B1E59081F007B58AA /* savethekittens */,
			);
		};
/* End PBXProject section */

/* Begin PBXResourcesBuildPhase section */
		FFF4D10A1E59081F007B58AA /* Resources */ = {
			isa = PBXResourcesBuildPhase;
			buildActionMask = 2147483647;
			files = (
				FFF4D11A1E59081F007B58AA /* LaunchScreen.storyboard in Resources */,
				FFF4D1171E59081F007B58AA /* Assets.xcassets in Resources */,
				FFF4D1151E59081F007B58AA /* Main.storyboard in Resources */,
			);
			runOnlyForDeploymentPostprocessing = 0;
		};
/* End PBXResourcesBuildPhase section */

/* Begin PBXSourcesBuildPhase section */
		FFF4D1081E59081F007B58AA /* Sources */ = {
			isa = PBXSourcesBuildPhase;
			buildActionMask = 2147483647;
			files = (
				FFF4D1121E59081F007B58AA /* ViewController.swift in Sources */,
				FFF4D1101E59081F007B58AA /* AppDelegate.swift in Sources */,
			);
			runOnlyForDeploymentPostprocessing = 0;
		};
/* End PBXSourcesBuildPhase section */

/* Begin PBXVariantGroup section */
		FFF4D1131E59081F007B58AA /* Main.storyboard */ = {
			isa = PBXVariantGroup;
			children = (
				FFF4D1141E59081F007B58AA /* Base */,
			);
			name = Main.storyboard;
			sourceTree = "<group>";
		};
		FFF4D1181E59081F007B58AA /* LaunchScreen.storyboard */ = {
			isa = PBXVariantGroup;
			children = (
				FFF4D1191E59081F007B58AA /* Base */,
			);
			name = LaunchScreen.storyboard;
			sourceTree = "<group>";
		};
/* End PBXVariantGroup section */

/* Begin XCBuildConfiguration section */
		FFF4D11C1E59081F007B58AA /* Debug */ = {
			isa = XCBuildConfiguration;
			buildSettings = {
				ALWAYS_SEARCH_USER_PATHS = NO;
				CLANG_ANALYZER_NONNULL = YES;
				CLANG_CXX_LANGUAGE_STANDARD = "gnu++0x";
				CLANG_CXX_LIBRARY = "libc++";
				CLANG_ENABLE_MODULES = YES;
				CLANG_ENABLE_OBJC_ARC = YES;
				CLANG_WARN_BOOL_CONVERSION = YES;
				CLANG_WARN_CONSTANT_CONVERSION = YES;
				CLANG_WARN_DIRECT_OBJC_ISA_USAGE = YES_ERROR;
				CLANG_WARN_DOCUMENTATION_COMMENTS = YES;
				CLANG_WARN_EMPTY_BODY = YES;
				CLANG_WARN_ENUM_CONVERSION = YES;
				CLANG_WARN_INFINITE_RECURSION = YES;
				CLANG_WARN_INT_CONVERSION = YES;
				CLANG_WARN_OBJC_ROOT_CLASS = YES_ERROR;
				CLANG_WARN_SUSPICIOUS_MOVE = YES;
				CLANG_WARN_UNREACHABLE_CODE = YES;
				CLANG_WARN__DUPLICATE_METHOD_MATCH = YES;
				"CODE_SIGN_IDENTITY[sdk=iphoneos*]" = "iPhone Developer";
				COPY_PHASE_STRIP = NO;
				DEBUG_INFORMATION_FORMAT = dwarf;
				ENABLE_STRICT_OBJC_MSGSEND = YES;
				ENABLE_TESTABILITY = YES;
				GCC_C_LANGUAGE_STANDARD = gnu99;
				GCC_DYNAMIC_NO_PIC = NO;
				GCC_NO_COMMON_BLOCKS = YES;
				GCC_OPTIMIZATION_LEVEL = 0;
				GCC_PREPROCESSOR_DEFINITIONS = (
					"DEBUG=1",
					"$(inherited)",
				);
				GCC_WARN_64_TO_32_BIT_CONVERSION = YES;
				GCC_WARN_ABOUT_RETURN_TYPE = YES_ERROR;
				GCC_WARN_UNDECLARED_SELECTOR = YES;
				GCC_WARN_UNINITIALIZED_AUTOS = YES_AGGRESSIVE;
				GCC_WARN_UNUSED_FUNCTION = YES;
				GCC_WARN_UNUSED_VARIABLE = YES;
				IPHONEOS_DEPLOYMENT_TARGET = 10.2;
				MTL_ENABLE_DEBUG_INFO = YES;
				ONLY_ACTIVE_ARCH = YES;
				SDKROOT = iphoneos;
				SWIFT_ACTIVE_COMPILATION_CONDITIONS = DEBUG;
				SWIFT_OPTIMIZATION_LEVEL = "-Onone";
				TARGETED_DEVICE_FAMILY = "1,2";
			};
			name = Debug;
		};
		FFF4D11D1E59081F007B58AA /* Release */ = {
			isa = XCBuildConfiguration;
			buildSettings = {
				ALWAYS_SEARCH_USER_PATHS = NO;
				CLANG_ANALYZER_NONNULL = YES;
				CLANG_CXX_LANGUAGE_STANDARD = "gnu++0x";
				CLANG_CXX_LIBRARY = "libc++";
				CLANG_ENABLE_MODULES = YES;
				CLANG_ENABLE_OBJC_ARC = YES;
				CLANG_WARN_BOOL_CONVERSION = YES;
				CLANG_WARN_CONSTANT_CONVERSION = YES;
				CLANG_WARN_DIRECT_OBJC_ISA_USAGE = YES_ERROR;
				CLANG_WARN_DOCUMENTATION_COMMENTS = YES;
				CLANG_WARN_EMPTY_BODY = YES;
				CLANG_WARN_ENUM_CONVERSION = YES;
				CLANG_WARN_INFINITE_RECURSION = YES;
				CLANG_WARN_INT_CONVERSION = YES;
				CLANG_WARN_OBJC_ROOT_CLASS = YES_ERROR;
				CLANG_WARN_SUSPICIOUS_MOVE = YES;
				CLANG_WARN_UNREACHABLE_CODE = YES;
				CLANG_WARN__DUPLICATE_METHOD_MATCH = YES;
				"CODE_SIGN_IDENTITY[sdk=iphoneos*]" = "iPhone Developer";
				COPY_PHASE_STRIP = NO;
				DEBUG_INFORMATION_FORMAT = "dwarf-with-dsym";
				ENABLE_NS_ASSERTIONS = NO;
				ENABLE_STRICT_OBJC_MSGSEND = YES;
				GCC_C_LANGUAGE_STANDARD = gnu99;
				GCC_NO_COMMON_BLOCKS = YES;
				GCC_WARN_64_TO_32_BIT_CONVERSION = YES;
				GCC_WARN_ABOUT_RETURN_TYPE = YES_ERROR;
				GCC_WARN_UNDECLARED_SELECTOR = YES;
				GCC_WARN_UNINITIALIZED_AUTOS = YES_AGGRESSIVE;
				GCC_WARN_UNUSED_FUNCTION = YES;
				GCC_WARN_UNUSED_VARIABLE = YES;
				IPHONEOS_DEPLOYMENT_TARGET = 10.2;
				MTL_ENABLE_DEBUG_INFO = NO;
				SDKROOT = iphoneos;
				SWIFT_OPTIMIZATION_LEVEL = "-Owholemodule";
				TARGETED_DEVICE_FAMILY = "1,2";
				VALIDATE_PRODUCT = YES;
			};
			name = Release;
		};
		FFF4D11F1E59081F007B58AA /* Debug */ = {
			isa = XCBuildConfiguration;
			buildSettings = {
				ASSETCATALOG_COMPILER_APPICON_NAME = AppIcon;
				INFOPLIST_FILE = savethekittens/Info.plist;
				LD_RUNPATH_SEARCH_PATHS = "$(inherited) @executable_path/Frameworks";
				PRODUCT_BUNDLE_IDENTIFIER = com.PakinLertthamanon.savethekittens;
				PRODUCT_NAME = "$(TARGET_NAME)";
				SWIFT_VERSION = 3.0;
			};
			name = Debug;
		};
		FFF4D1201E59081F007B58AA /* Release */ = {
			isa = XCBuildConfiguration;
			buildSettings = {
				ASSETCATALOG_COMPILER_APPICON_NAME = AppIcon;
				INFOPLIST_FILE = savethekittens/Info.plist;
				LD_RUNPATH_SEARCH_PATHS = "$(inherited) @executable_path/Frameworks";
				PRODUCT_BUNDLE_IDENTIFIER = com.PakinLertthamanon.savethekittens;
				PRODUCT_NAME = "$(TARGET_NAME)";
				SWIFT_VERSION = 3.0;
			};
			name = Release;
		};
/* End XCBuildConfiguration section */

/* Begin XCConfigurationList section */
		FFF4D1071E59081F007B58AA /* Build configuration list for PBXProject "savethekittens" */ = {
			isa = XCConfigurationList;
			buildConfigurations = (
				FFF4D11C1E59081F007B58AA /* Debug */,
				FFF4D11D1E59081F007B58AA /* Release */,
			);
			defaultConfigurationIsVisible = 0;
			defaultConfigurationName = Release;
		};
		FFF4D11E1E59081F007B58AA /* Build configuration list for PBXNativeTarget "savethekittens" */ = {
			isa = XCConfigurationList;
			buildConfigurations = (
				FFF4D11F1E59081F007B58AA /* Debug */,
				FFF4D1201E59081F007B58AA /* Release */,
			);
			defaultConfigurationIsVisible = 0;
		};
/* End XCConfigurationList section */
	};
	rootObject = FFF4D1041E59081F007B58AA /* Project object */;
}
